
Microsoft Visual Studio Solution File, Format Version 12.00
# Visual Studio Version 16
VisualStudioVersion = 16.0.31624.102
MinimumVisualStudioVersion = 10.0.40219.1
Project("{FAE04EC0-301F-11D3-BF4B-00C04F79EFBC}") = "anotherObjektProg", "anotherObjektProg\anotherObjektProg.csproj", "{A86CF1E8-AB5B-4CBE-82DA-85398DE9FF6E}"
EndProject
Global
	GlobalSection(SolutionConfigurationPlatforms) = preSolution
		Debug|Any CPU = Debug|Any CPU
		Release|Any CPU = Release|Any CPU
	EndGlobalSection
	GlobalSection(ProjectConfigurationPlatforms) = postSolution
		{A86CF1E8-AB5B-4CBE-82DA-85398DE9FF6E}.Debug|Any CPU.ActiveCfg = Debug|Any CPU
		{A86CF1E8-AB5B-4CBE-82DA-85398DE9FF6E}.Debug|Any CPU.Build.0 = Debug|Any CPU
		{A86CF1E8-AB5B-4CBE-82DA-85398DE9FF6E}.Release|Any CPU.ActiveCfg = Release|Any CPU
		{A86CF1E8-AB5B-4CBE-82DA-85398DE9FF6E}.Release|Any CPU.Build.0 = Release|Any CPU
	EndGlobalSection
	GlobalSection(SolutionProperties) = preSolution
		HideSolutionNode = FALSE
	EndGlobalSection
	GlobalSection(ExtensibilityGlobals) = postSolution
		SolutionGuid = {7577B21C-8306-4B05-82AB-86F5A1892558}
	EndGlobalSection
EndGlobal
